
Microsoft Visual Studio Solution File, Format Version 12.00
# Visual Studio Version 16
VisualStudioVersion = 16.0.28705.295
MinimumVisualStudioVersion = 10.0.40219.1
Project("{8BC9CEB8-8B4A-11D0-8D11-00A0C91BC942}") = "PokemonBlog", "PokemonBlog\PokemonBlog.vcxproj", "{1409ACF6-ABED-4289-AA88-87304BA6CB30}"
EndProject
Project("{8BC9CEB8-8B4A-11D0-8D11-00A0C91BC942}") = "PokemonShared", "PokemonShared\PokemonShared.vcxitems", "{5D7EDDE5-8BD0-4A74-851A-F8874CBDCF5E}"
EndProject
Global
	GlobalSection(SharedMSBuildProjectFiles) = preSolution
		PokemonShared\PokemonShared.vcxitems*{1409acf6-abed-4289-aa88-87304ba6cb30}*SharedItemsImports = 4
		PokemonShared\PokemonShared.vcxitems*{5d7edde5-8bd0-4a74-851a-f8874cbdcf5e}*SharedItemsImports = 9
	EndGlobalSection
	GlobalSection(SolutionConfigurationPlatforms) = preSolution
		Debug|x64 = Debug|x64
		Debug|x86 = Debug|x86
		Release|x64 = Release|x64
		Release|x86 = Release|x86
	EndGlobalSection
	GlobalSection(ProjectConfigurationPlatforms) = postSolution
		{1409ACF6-ABED-4289-AA88-87304BA6CB30}.Debug|x64.ActiveCfg = Debug|x64
		{1409ACF6-ABED-4289-AA88-87304BA6CB30}.Debug|x64.Build.0 = Debug|x64
		{1409ACF6-ABED-4289-AA88-87304BA6CB30}.Debug|x86.ActiveCfg = Debug|Win32
		{1409ACF6-ABED-4289-AA88-87304BA6CB30}.Debug|x86.Build.0 = Debug|Win32
		{1409ACF6-ABED-4289-AA88-87304BA6CB30}.Release|x64.ActiveCfg = Release|x64
		{1409ACF6-ABED-4289-AA88-87304BA6CB30}.Release|x64.Build.0 = Release|x64
		{1409ACF6-ABED-4289-AA88-87304BA6CB30}.Release|x86.ActiveCfg = Release|Win32
		{1409ACF6-ABED-4289-AA88-87304BA6CB30}.Release|x86.Build.0 = Release|Win32
	EndGlobalSection
	GlobalSection(SolutionProperties) = preSolution
		HideSolutionNode = FALSE
	EndGlobalSection
	GlobalSection(ExtensibilityGlobals) = postSolution
		SolutionGuid = {AD9A46EF-909C-478F-B9E2-D1BC661EDA00}
	EndGlobalSection
EndGlobal
